// !$*UTF8*$!
{
	archiveVersion = 1;
	classes = {
	};
	objectVersion = 46;
	objects = {

/* Begin PBXBuildFile section */
		9B28D226161C849600F23040 /* UIKit.framework in Frameworks */ = {isa = PBXBuildFile; fileRef = 9B28D225161C849600F23040 /* UIKit.framework */; };
		9B28D228161C849600F23040 /* Foundation.framework in Frameworks */ = {isa = PBXBuildFile; fileRef = 9B28D227161C849600F23040 /* Foundation.framework */; };
		9B28D22A161C849600F23040 /* CoreGraphics.framework in Frameworks */ = {isa = PBXBuildFile; fileRef = 9B28D229161C849600F23040 /* CoreGraphics.framework */; };
		9B28D230161C849600F23040 /* InfoPlist.strings in Resources */ = {isa = PBXBuildFile; fileRef = 9B28D22E161C849600F23040 /* InfoPlist.strings */; };
		9B28D232161C849700F23040 /* main.m in Sources */ = {isa = PBXBuildFile; fileRef = 9B28D231161C849700F23040 /* main.m */; };
		9B28D236161C849700F23040 /* AppDelegate.m in Sources */ = {isa = PBXBuildFile; fileRef = 9B28D235161C849700F23040 /* AppDelegate.m */; };
/* End PBXBuildFile section */

/* Begin PBXFileReference section */
		9B28D221161C849600F23040 /* proj-pti-ballon.app */ = {isa = PBXFileReference; explicitFileType = wrapper.application; includeInIndex = 0; path = "proj-pti-ballon.app"; sourceTree = BUILT_PRODUCTS_DIR; };
		9B28D225161C849600F23040 /* UIKit.framework */ = {isa = PBXFileReference; lastKnownFileType = wrapper.framework; name = UIKit.framework; path = System/Library/Frameworks/UIKit.framework; sourceTree = SDKROOT; };
		9B28D227161C849600F23040 /* Foundation.framework */ = {isa = PBXFileReference; lastKnownFileType = wrapper.framework; name = Foundation.framework; path = System/Library/Frameworks/Foundation.framework; sourceTree = SDKROOT; };
		9B28D229161C849600F23040 /* CoreGraphics.framework */ = {isa = PBXFileReference; lastKnownFileType = wrapper.framework; name = CoreGraphics.framework; path = System/Library/Frameworks/CoreGraphics.framework; sourceTree = SDKROOT; };
		9B28D22D161C849600F23040 /* proj-pti-ballon-Info.plist */ = {isa = PBXFileReference; lastKnownFileType = text.plist.xml; path = "proj-pti-ballon-Info.plist"; sourceTree = "<group>"; };
		9B28D22F161C849600F23040 /* en */ = {isa = PBXFileReference; lastKnownFileType = text.plist.strings; name = en; path = en.lproj/InfoPlist.strings; sourceTree = "<group>"; };
		9B28D231161C849700F23040 /* main.m */ = {isa = PBXFileReference; lastKnownFileType = sourcecode.c.objc; path = main.m; sourceTree = "<group>"; };
		9B28D233161C849700F23040 /* proj-pti-ballon-Prefix.pch */ = {isa = PBXFileReference; lastKnownFileType = sourcecode.c.h; path = "proj-pti-ballon-Prefix.pch"; sourceTree = "<group>"; };
		9B28D234161C849700F23040 /* AppDelegate.h */ = {isa = PBXFileReference; lastKnownFileType = sourcecode.c.h; path = AppDelegate.h; sourceTree = "<group>"; };
		9B28D235161C849700F23040 /* AppDelegate.m */ = {isa = PBXFileReference; lastKnownFileType = sourcecode.c.objc; path = AppDelegate.m; sourceTree = "<group>"; };
/* End PBXFileReference section */

/* Begin PBXFrameworksBuildPhase section */
		9B28D21E161C849600F23040 /* Frameworks */ = {
			isa = PBXFrameworksBuildPhase;
			buildActionMask = 2147483647;
			files = (
				9B28D226161C849600F23040 /* UIKit.framework in Frameworks */,
				9B28D228161C849600F23040 /* Foundation.framework in Frameworks */,
				9B28D22A161C849600F23040 /* CoreGraphics.framework in Frameworks */,
			);
			runOnlyForDeploymentPostprocessing = 0;
		};
/* End PBXFrameworksBuildPhase section */

/* Begin PBXGroup section */
		9B28D216161C849600F23040 = {
			isa = PBXGroup;
			children = (
				9B28D22B161C849600F23040 /* proj-pti-ballon */,
				9B28D224161C849600F23040 /* Frameworks */,
				9B28D222161C849600F23040 /* Products */,
			);
			sourceTree = "<group>";
		};
		9B28D222161C849600F23040 /* Products */ = {
			isa = PBXGroup;
			children = (
				9B28D221161C849600F23040 /* proj-pti-ballon.app */,
			);
			name = Products;
			sourceTree = "<group>";
		};
		9B28D224161C849600F23040 /* Frameworks */ = {
			isa = PBXGroup;
			children = (
				9B28D225161C849600F23040 /* UIKit.framework */,
				9B28D227161C849600F23040 /* Foundation.framework */,
				9B28D229161C849600F23040 /* CoreGraphics.framework */,
			);
			name = Frameworks;
			sourceTree = "<group>";
		};
		9B28D22B161C849600F23040 /* proj-pti-ballon */ = {
			isa = PBXGroup;
			children = (
				9B28D234161C849700F23040 /* AppDelegate.h */,
				9B28D235161C849700F23040 /* AppDelegate.m */,
				9B28D22C161C849600F23040 /* Supporting Files */,
			);
			path = "proj-pti-ballon";
			sourceTree = "<group>";
		};
		9B28D22C161C849600F23040 /* Supporting Files */ = {
			isa = PBXGroup;
			children = (
				9B28D22D161C849600F23040 /* proj-pti-ballon-Info.plist */,
				9B28D22E161C849600F23040 /* InfoPlist.strings */,
				9B28D231161C849700F23040 /* main.m */,
				9B28D233161C849700F23040 /* proj-pti-ballon-Prefix.pch */,
			);
			name = "Supporting Files";
			sourceTree = "<group>";
		};
/* End PBXGroup section */

/* Begin PBXNativeTarget section */
		9B28D220161C849600F23040 /* proj-pti-ballon */ = {
			isa = PBXNativeTarget;
			buildConfigurationList = 9B28D239161C849700F23040 /* Build configuration list for PBXNativeTarget "proj-pti-ballon" */;
			buildPhases = (
				9B28D21D161C849600F23040 /* Sources */,
				9B28D21E161C849600F23040 /* Frameworks */,
				9B28D21F161C849600F23040 /* Resources */,
			);
			buildRules = (
			);
			dependencies = (
			);
			name = "proj-pti-ballon";
			productName = "proj-pti-ballon";
			productReference = 9B28D221161C849600F23040 /* proj-pti-ballon.app */;
			productType = "com.apple.product-type.application";
		};
/* End PBXNativeTarget section */

/* Begin PBXProject section */
		9B28D218161C849600F23040 /* Project object */ = {
			isa = PBXProject;
			attributes = {
				LastUpgradeCheck = 0440;
				ORGANIZATIONNAME = "Élèves";
			};
			buildConfigurationList = 9B28D21B161C849600F23040 /* Build configuration list for PBXProject "proj-pti-ballon" */;
			compatibilityVersion = "Xcode 3.2";
			developmentRegion = English;
			hasScannedForEncodings = 0;
			knownRegions = (
				en,
			);
			mainGroup = 9B28D216161C849600F23040;
			productRefGroup = 9B28D222161C849600F23040 /* Products */;
			projectDirPath = "";
			projectRoot = "";
			targets = (
				9B28D220161C849600F23040 /* proj-pti-ballon */,
			);
		};
/* End PBXProject section */

/* Begin PBXResourcesBuildPhase section */
		9B28D21F161C849600F23040 /* Resources */ = {
			isa = PBXResourcesBuildPhase;
			buildActionMask = 2147483647;
			files = (
				9B28D230161C849600F23040 /* InfoPlist.strings in Resources */,
			);
			runOnlyForDeploymentPostprocessing = 0;
		};
/* End PBXResourcesBuildPhase section */

/* Begin PBXSourcesBuildPhase section */
		9B28D21D161C849600F23040 /* Sources */ = {
			isa = PBXSourcesBuildPhase;
			buildActionMask = 2147483647;
			files = (
				9B28D232161C849700F23040 /* main.m in Sources */,
				9B28D236161C849700F23040 /* AppDelegate.m in Sources */,
			);
			runOnlyForDeploymentPostprocessing = 0;
		};
/* End PBXSourcesBuildPhase section */

/* Begin PBXVariantGroup section */
		9B28D22E161C849600F23040 /* InfoPlist.strings */ = {
			isa = PBXVariantGroup;
			children = (
				9B28D22F161C849600F23040 /* en */,
			);
			name = InfoPlist.strings;
			sourceTree = "<group>";
		};
/* End PBXVariantGroup section */

/* Begin XCBuildConfiguration section */
		9B28D237161C849700F23040 /* Debug */ = {
			isa = XCBuildConfiguration;
			buildSettings = {
				ALWAYS_SEARCH_USER_PATHS = NO;
				ARCHS = "$(ARCHS_STANDARD_32_BIT)";
				CLANG_CXX_LANGUAGE_STANDARD = "gnu++0x";
				CLANG_ENABLE_OBJC_ARC = YES;
				CLANG_WARN__DUPLICATE_METHOD_MATCH = YES;
				"CODE_SIGN_IDENTITY[sdk=iphoneos*]" = "iPhone Developer";
				COPY_PHASE_STRIP = NO;
				GCC_C_LANGUAGE_STANDARD = gnu99;
				GCC_DYNAMIC_NO_PIC = NO;
				GCC_OPTIMIZATION_LEVEL = 0;
				GCC_PREPROCESSOR_DEFINITIONS = (
					"DEBUG=1",
					"$(inherited)",
				);
				GCC_SYMBOLS_PRIVATE_EXTERN = NO;
				GCC_VERSION = com.apple.compilers.llvm.clang.1_0;
				GCC_WARN_ABOUT_RETURN_TYPE = YES;
				GCC_WARN_UNINITIALIZED_AUTOS = YES;
				GCC_WARN_UNUSED_VARIABLE = YES;
				IPHONEOS_DEPLOYMENT_TARGET = 5.1;
				SDKROOT = iphoneos;
			};
			name = Debug;
		};
		9B28D238161C849700F23040 /* Release */ = {
			isa = XCBuildConfiguration;
			buildSettings = {
				ALWAYS_SEARCH_USER_PATHS = NO;
				ARCHS = "$(ARCHS_STANDARD_32_BIT)";
				CLANG_CXX_LANGUAGE_STANDARD = "gnu++0x";
				CLANG_ENABLE_OBJC_ARC = YES;
				CLANG_WARN__DUPLICATE_METHOD_MATCH = YES;
				"CODE_SIGN_IDENTITY[sdk=iphoneos*]" = "iPhone Developer";
				COPY_PHASE_STRIP = YES;
				GCC_C_LANGUAGE_STANDARD = gnu99;
				GCC_VERSION = com.apple.compilers.llvm.clang.1_0;
				GCC_WARN_ABOUT_RETURN_TYPE = YES;
				GCC_WARN_UNINITIALIZED_AUTOS = YES;
				GCC_WARN_UNUSED_VARIABLE = YES;
				IPHONEOS_DEPLOYMENT_TARGET = 5.1;
				OTHER_CFLAGS = "-DNS_BLOCK_ASSERTIONS=1";
				SDKROOT = iphoneos;
				VALIDATE_PRODUCT = YES;
			};
			name = Release;
		};
		9B28D23A161C849700F23040 /* Debug */ = {
			isa = XCBuildConfiguration;
			buildSettings = {
				GCC_PRECOMPILE_PREFIX_HEADER = YES;
				GCC_PREFIX_HEADER = "proj-pti-ballon/proj-pti-ballon-Prefix.pch";
				INFOPLIST_FILE = "proj-pti-ballon/proj-pti-ballon-Info.plist";
				PRODUCT_NAME = "$(TARGET_NAME)";
				WRAPPER_EXTENSION = app;
			};
			name = Debug;
		};
		9B28D23B161C849700F23040 /* Release */ = {
			isa = XCBuildConfiguration;
			buildSettings = {
				GCC_PRECOMPILE_PREFIX_HEADER = YES;
				GCC_PREFIX_HEADER = "proj-pti-ballon/proj-pti-ballon-Prefix.pch";
				INFOPLIST_FILE = "proj-pti-ballon/proj-pti-ballon-Info.plist";
				PRODUCT_NAME = "$(TARGET_NAME)";
				WRAPPER_EXTENSION = app;
			};
			name = Release;
		};
/* End XCBuildConfiguration section */

/* Begin XCConfigurationList section */
		9B28D21B161C849600F23040 /* Build configuration list for PBXProject "proj-pti-ballon" */ = {
			isa = XCConfigurationList;
			buildConfigurations = (
				9B28D237161C849700F23040 /* Debug */,
				9B28D238161C849700F23040 /* Release */,
			);
			defaultConfigurationIsVisible = 0;
			defaultConfigurationName = Release;
		};
		9B28D239161C849700F23040 /* Build configuration list for PBXNativeTarget "proj-pti-ballon" */ = {
			isa = XCConfigurationList;
			buildConfigurations = (
				9B28D23A161C849700F23040 /* Debug */,
				9B28D23B161C849700F23040 /* Release */,
			);
			defaultConfigurationIsVisible = 0;
		};
/* End XCConfigurationList section */
	};
	rootObject = 9B28D218161C849600F23040 /* Project object */;
}
