// !$*UTF8*$!
{
	archiveVersion = 1;
	classes = {
	};
	objectVersion = 46;
	objects = {

/* Begin PBXBuildFile section */
		9B28D226161C849600F23040 /* UIKit.framework in Frameworks */ = {isa = PBXBuildFile; fileRef = 9B28D225161C849600F23040 /* UIKit.framework */; };
		9B28D228161C849600F23040 /* Foundation.framework in Frameworks */ = {isa = PBXBuildFile; fileRef = 9B28D227161C849600F23040 /* Foundation.framework */; };
		9B28D22A161C849600F23040 /* CoreGraphics.framework in Frameworks */ = {isa = PBXBuildFile; fileRef = 9B28D229161C849600F23040 /* CoreGraphics.framework */; };
		9B28D230161C849600F23040 /* InfoPlist.strings in Resources */ = {isa = PBXBuildFile; fileRef = 9B28D22E161C849600F23040 /* InfoPlist.strings */; };
		9B28D232161C849700F23040 /* main.m in Sources */ = {isa = PBXBuildFile; fileRef = 9B28D231161C849700F23040 /* main.m */; };
		9B28D236161C849700F23040 /* AppDelegate.m in Sources */ = {isa = PBXBuildFile; fileRef = 9B28D235161C849700F23040 /* AppDelegate.m */; };
		9B2969D1162441CB003156C4 /* ThirdViewController.m in Sources */ = {isa = PBXBuildFile; fileRef = 9B2969CF162441CB003156C4 /* ThirdViewController.m */; };
		9B2969D2162441CB003156C4 /* ThirdViewController.xib in Resources */ = {isa = PBXBuildFile; fileRef = 9B2969D0162441CB003156C4 /* ThirdViewController.xib */; };
		9B2969D7162441F1003156C4 /* SecondViewController.m in Sources */ = {isa = PBXBuildFile; fileRef = 9B2969D5162441F1003156C4 /* SecondViewController.m */; };
		9B2969D8162441F1003156C4 /* SecondViewController.xib in Resources */ = {isa = PBXBuildFile; fileRef = 9B2969D6162441F1003156C4 /* SecondViewController.xib */; };
		9B2969DC16244213003156C4 /* ModalViewController.m in Sources */ = {isa = PBXBuildFile; fileRef = 9B2969DA16244213003156C4 /* ModalViewController.m */; };
		9B2969DD16244213003156C4 /* ModalViewController.xib in Resources */ = {isa = PBXBuildFile; fileRef = 9B2969DB16244213003156C4 /* ModalViewController.xib */; };
		9B2969E61624479B003156C4 /* FirstViewController.m in Sources */ = {isa = PBXBuildFile; fileRef = 9B2969E41624479B003156C4 /* FirstViewController.m */; };
		9B2969E71624479B003156C4 /* FirstViewController.xib in Resources */ = {isa = PBXBuildFile; fileRef = 9B2969E51624479B003156C4 /* FirstViewController.xib */; };
		9B2969F616244ECE003156C4 /* 18-envelope.png in Resources */ = {isa = PBXBuildFile; fileRef = 9B2969F516244ECE003156C4 /* 18-envelope.png */; };
		9B7E478816391EC000878A80 /* DownloadManager.m in Sources */ = {isa = PBXBuildFile; fileRef = 9B7E478516391EC000878A80 /* DownloadManager.m */; };
		9B7E478916391EC000878A80 /* DownloadOperation.m in Sources */ = {isa = PBXBuildFile; fileRef = 9B7E478716391EC000878A80 /* DownloadOperation.m */; };
		9B7E4D401639201B00878A80 /* iCarousel.m in Sources */ = {isa = PBXBuildFile; fileRef = 9B7E4D3F1639201B00878A80 /* iCarousel.m */; };
		9B7E4D461639202A00878A80 /* LBYouTubePlayerController.m in Sources */ = {isa = PBXBuildFile; fileRef = 9B7E4D431639202A00878A80 /* LBYouTubePlayerController.m */; };
		9B7E4D471639202A00878A80 /* LBYouTubePlayerViewController.m in Sources */ = {isa = PBXBuildFile; fileRef = 9B7E4D451639202A00878A80 /* LBYouTubePlayerViewController.m */; };
		9B7E4D4D1639203100878A80 /* CHANGELOG.md in Resources */ = {isa = PBXBuildFile; fileRef = 9B7E4D491639203100878A80 /* CHANGELOG.md */; };
		9B7E4D4E1639203100878A80 /* JSONKit.m in Sources */ = {isa = PBXBuildFile; fileRef = 9B7E4D4B1639203100878A80 /* JSONKit.m */; settings = {COMPILER_FLAGS = "-fno-objc-arc"; }; };
		9B7E4D4F1639203100878A80 /* README.md in Resources */ = {isa = PBXBuildFile; fileRef = 9B7E4D4C1639203100878A80 /* README.md */; };
		9B7E4D52163920B100878A80 /* QuartzCore.framework in Frameworks */ = {isa = PBXBuildFile; fileRef = 9B7E4D51163920B100878A80 /* QuartzCore.framework */; };
		9B7E4D54163920B700878A80 /* MediaPlayer.framework in Frameworks */ = {isa = PBXBuildFile; fileRef = 9B7E4D53163920B700878A80 /* MediaPlayer.framework */; };
/* End PBXBuildFile section */

/* Begin PBXFileReference section */
		9B28D221161C849600F23040 /* proj-pti-ballon.app */ = {isa = PBXFileReference; explicitFileType = wrapper.application; includeInIndex = 0; path = "proj-pti-ballon.app"; sourceTree = BUILT_PRODUCTS_DIR; };
		9B28D225161C849600F23040 /* UIKit.framework */ = {isa = PBXFileReference; lastKnownFileType = wrapper.framework; name = UIKit.framework; path = System/Library/Frameworks/UIKit.framework; sourceTree = SDKROOT; };
		9B28D227161C849600F23040 /* Foundation.framework */ = {isa = PBXFileReference; lastKnownFileType = wrapper.framework; name = Foundation.framework; path = System/Library/Frameworks/Foundation.framework; sourceTree = SDKROOT; };
		9B28D229161C849600F23040 /* CoreGraphics.framework */ = {isa = PBXFileReference; lastKnownFileType = wrapper.framework; name = CoreGraphics.framework; path = System/Library/Frameworks/CoreGraphics.framework; sourceTree = SDKROOT; };
		9B28D22D161C849600F23040 /* proj-pti-ballon-Info.plist */ = {isa = PBXFileReference; lastKnownFileType = text.plist.xml; path = "proj-pti-ballon-Info.plist"; sourceTree = "<group>"; };
		9B28D22F161C849600F23040 /* en */ = {isa = PBXFileReference; lastKnownFileType = text.plist.strings; name = en; path = en.lproj/InfoPlist.strings; sourceTree = "<group>"; };
		9B28D231161C849700F23040 /* main.m */ = {isa = PBXFileReference; lastKnownFileType = sourcecode.c.objc; path = main.m; sourceTree = "<group>"; };
		9B28D233161C849700F23040 /* proj-pti-ballon-Prefix.pch */ = {isa = PBXFileReference; lastKnownFileType = sourcecode.c.h; path = "proj-pti-ballon-Prefix.pch"; sourceTree = "<group>"; };
		9B28D234161C849700F23040 /* AppDelegate.h */ = {isa = PBXFileReference; lastKnownFileType = sourcecode.c.h; path = AppDelegate.h; sourceTree = "<group>"; };
		9B28D235161C849700F23040 /* AppDelegate.m */ = {isa = PBXFileReference; lastKnownFileType = sourcecode.c.objc; path = AppDelegate.m; sourceTree = "<group>"; };
		9B2969CE162441CB003156C4 /* ThirdViewController.h */ = {isa = PBXFileReference; fileEncoding = 4; lastKnownFileType = sourcecode.c.h; path = ThirdViewController.h; sourceTree = "<group>"; };
		9B2969CF162441CB003156C4 /* ThirdViewController.m */ = {isa = PBXFileReference; fileEncoding = 4; lastKnownFileType = sourcecode.c.objc; path = ThirdViewController.m; sourceTree = "<group>"; };
		9B2969D0162441CB003156C4 /* ThirdViewController.xib */ = {isa = PBXFileReference; fileEncoding = 4; lastKnownFileType = file.xib; path = ThirdViewController.xib; sourceTree = "<group>"; };
		9B2969D4162441F1003156C4 /* SecondViewController.h */ = {isa = PBXFileReference; fileEncoding = 4; lastKnownFileType = sourcecode.c.h; path = SecondViewController.h; sourceTree = "<group>"; };
		9B2969D5162441F1003156C4 /* SecondViewController.m */ = {isa = PBXFileReference; fileEncoding = 4; lastKnownFileType = sourcecode.c.objc; path = SecondViewController.m; sourceTree = "<group>"; };
		9B2969D6162441F1003156C4 /* SecondViewController.xib */ = {isa = PBXFileReference; fileEncoding = 4; lastKnownFileType = file.xib; path = SecondViewController.xib; sourceTree = "<group>"; };
		9B2969D916244213003156C4 /* ModalViewController.h */ = {isa = PBXFileReference; fileEncoding = 4; lastKnownFileType = sourcecode.c.h; path = ModalViewController.h; sourceTree = "<group>"; };
		9B2969DA16244213003156C4 /* ModalViewController.m */ = {isa = PBXFileReference; fileEncoding = 4; lastKnownFileType = sourcecode.c.objc; path = ModalViewController.m; sourceTree = "<group>"; };
		9B2969DB16244213003156C4 /* ModalViewController.xib */ = {isa = PBXFileReference; fileEncoding = 4; lastKnownFileType = file.xib; path = ModalViewController.xib; sourceTree = "<group>"; };
		9B2969E31624479B003156C4 /* FirstViewController.h */ = {isa = PBXFileReference; fileEncoding = 4; lastKnownFileType = sourcecode.c.h; path = FirstViewController.h; sourceTree = "<group>"; };
		9B2969E41624479B003156C4 /* FirstViewController.m */ = {isa = PBXFileReference; fileEncoding = 4; lastKnownFileType = sourcecode.c.objc; path = FirstViewController.m; sourceTree = "<group>"; };
		9B2969E51624479B003156C4 /* FirstViewController.xib */ = {isa = PBXFileReference; fileEncoding = 4; lastKnownFileType = file.xib; path = FirstViewController.xib; sourceTree = "<group>"; };
		9B2969F516244ECE003156C4 /* 18-envelope.png */ = {isa = PBXFileReference; lastKnownFileType = image.png; path = "18-envelope.png"; sourceTree = "<group>"; };
		9B7E478316391EC000878A80 /* DownloadDelegate.h */ = {isa = PBXFileReference; fileEncoding = 4; lastKnownFileType = sourcecode.c.h; name = DownloadDelegate.h; path = MSToolTips/MSToolTips/DownloadDelegate.h; sourceTree = SOURCE_ROOT; };
		9B7E478416391EC000878A80 /* DownloadManager.h */ = {isa = PBXFileReference; fileEncoding = 4; lastKnownFileType = sourcecode.c.h; name = DownloadManager.h; path = MSToolTips/MSToolTips/DownloadManager.h; sourceTree = SOURCE_ROOT; };
		9B7E478516391EC000878A80 /* DownloadManager.m */ = {isa = PBXFileReference; fileEncoding = 4; lastKnownFileType = sourcecode.c.objc; name = DownloadManager.m; path = MSToolTips/MSToolTips/DownloadManager.m; sourceTree = SOURCE_ROOT; };
		9B7E478616391EC000878A80 /* DownloadOperation.h */ = {isa = PBXFileReference; fileEncoding = 4; lastKnownFileType = sourcecode.c.h; name = DownloadOperation.h; path = MSToolTips/MSToolTips/DownloadOperation.h; sourceTree = SOURCE_ROOT; };
		9B7E478716391EC000878A80 /* DownloadOperation.m */ = {isa = PBXFileReference; fileEncoding = 4; lastKnownFileType = sourcecode.c.objc; name = DownloadOperation.m; path = MSToolTips/MSToolTips/DownloadOperation.m; sourceTree = SOURCE_ROOT; };
		9B7E4D3E1639201B00878A80 /* iCarousel.h */ = {isa = PBXFileReference; fileEncoding = 4; lastKnownFileType = sourcecode.c.h; path = iCarousel.h; sourceTree = "<group>"; };
		9B7E4D3F1639201B00878A80 /* iCarousel.m */ = {isa = PBXFileReference; fileEncoding = 4; lastKnownFileType = sourcecode.c.objc; path = iCarousel.m; sourceTree = "<group>"; };
		9B7E4D421639202A00878A80 /* LBYouTubePlayerController.h */ = {isa = PBXFileReference; fileEncoding = 4; lastKnownFileType = sourcecode.c.h; path = LBYouTubePlayerController.h; sourceTree = "<group>"; };
		9B7E4D431639202A00878A80 /* LBYouTubePlayerController.m */ = {isa = PBXFileReference; fileEncoding = 4; lastKnownFileType = sourcecode.c.objc; path = LBYouTubePlayerController.m; sourceTree = "<group>"; };
		9B7E4D441639202A00878A80 /* LBYouTubePlayerViewController.h */ = {isa = PBXFileReference; fileEncoding = 4; lastKnownFileType = sourcecode.c.h; path = LBYouTubePlayerViewController.h; sourceTree = "<group>"; };
		9B7E4D451639202A00878A80 /* LBYouTubePlayerViewController.m */ = {isa = PBXFileReference; fileEncoding = 4; lastKnownFileType = sourcecode.c.objc; path = LBYouTubePlayerViewController.m; sourceTree = "<group>"; };
		9B7E4D491639203100878A80 /* CHANGELOG.md */ = {isa = PBXFileReference; fileEncoding = 4; lastKnownFileType = text; path = CHANGELOG.md; sourceTree = "<group>"; };
		9B7E4D4A1639203100878A80 /* JSONKit.h */ = {isa = PBXFileReference; fileEncoding = 4; lastKnownFileType = sourcecode.c.h; path = JSONKit.h; sourceTree = "<group>"; };
		9B7E4D4B1639203100878A80 /* JSONKit.m */ = {isa = PBXFileReference; fileEncoding = 4; lastKnownFileType = sourcecode.c.objc; path = JSONKit.m; sourceTree = "<group>"; };
		9B7E4D4C1639203100878A80 /* README.md */ = {isa = PBXFileReference; fileEncoding = 4; lastKnownFileType = text; path = README.md; sourceTree = "<group>"; };
		9B7E4D51163920B100878A80 /* QuartzCore.framework */ = {isa = PBXFileReference; lastKnownFileType = wrapper.framework; name = QuartzCore.framework; path = System/Library/Frameworks/QuartzCore.framework; sourceTree = SDKROOT; };
		9B7E4D53163920B700878A80 /* MediaPlayer.framework */ = {isa = PBXFileReference; lastKnownFileType = wrapper.framework; name = MediaPlayer.framework; path = System/Library/Frameworks/MediaPlayer.framework; sourceTree = SDKROOT; };
/* End PBXFileReference section */

/* Begin PBXFrameworksBuildPhase section */
		9B28D21E161C849600F23040 /* Frameworks */ = {
			isa = PBXFrameworksBuildPhase;
			buildActionMask = 2147483647;
			files = (
				9B7E4D54163920B700878A80 /* MediaPlayer.framework in Frameworks */,
				9B7E4D52163920B100878A80 /* QuartzCore.framework in Frameworks */,
				9B28D226161C849600F23040 /* UIKit.framework in Frameworks */,
				9B28D228161C849600F23040 /* Foundation.framework in Frameworks */,
				9B28D22A161C849600F23040 /* CoreGraphics.framework in Frameworks */,
			);
			runOnlyForDeploymentPostprocessing = 0;
		};
/* End PBXFrameworksBuildPhase section */

/* Begin PBXGroup section */
		9B28D216161C849600F23040 = {
			isa = PBXGroup;
			children = (
				9B28D22B161C849600F23040 /* proj-pti-ballon */,
				9B28D224161C849600F23040 /* Frameworks */,
				9B28D222161C849600F23040 /* Products */,
			);
			sourceTree = "<group>";
		};
		9B28D222161C849600F23040 /* Products */ = {
			isa = PBXGroup;
			children = (
				9B28D221161C849600F23040 /* proj-pti-ballon.app */,
			);
			name = Products;
			sourceTree = "<group>";
		};
		9B28D224161C849600F23040 /* Frameworks */ = {
			isa = PBXGroup;
			children = (
				9B7E4D53163920B700878A80 /* MediaPlayer.framework */,
				9B7E4D51163920B100878A80 /* QuartzCore.framework */,
				9B28D225161C849600F23040 /* UIKit.framework */,
				9B28D227161C849600F23040 /* Foundation.framework */,
				9B28D229161C849600F23040 /* CoreGraphics.framework */,
			);
			name = Frameworks;
			sourceTree = "<group>";
		};
		9B28D22B161C849600F23040 /* proj-pti-ballon */ = {
			isa = PBXGroup;
			children = (
				9B7E4D591639212B00878A80 /* Third Party */,
				9B7E478B16391EC400878A80 /* downoad */,
				9B28D234161C849700F23040 /* AppDelegate.h */,
				9B2969F516244ECE003156C4 /* 18-envelope.png */,
				9B28D235161C849700F23040 /* AppDelegate.m */,
				9B28D22C161C849600F23040 /* Supporting Files */,
				9B2969CE162441CB003156C4 /* ThirdViewController.h */,
				9B2969CF162441CB003156C4 /* ThirdViewController.m */,
				9B2969D0162441CB003156C4 /* ThirdViewController.xib */,
				9B2969E31624479B003156C4 /* FirstViewController.h */,
				9B2969E41624479B003156C4 /* FirstViewController.m */,
				9B2969E51624479B003156C4 /* FirstViewController.xib */,
				9B2969D4162441F1003156C4 /* SecondViewController.h */,
				9B2969D5162441F1003156C4 /* SecondViewController.m */,
				9B2969D6162441F1003156C4 /* SecondViewController.xib */,
				9B2969D916244213003156C4 /* ModalViewController.h */,
				9B2969DA16244213003156C4 /* ModalViewController.m */,
				9B2969DB16244213003156C4 /* ModalViewController.xib */,
			);
			path = "proj-pti-ballon";
			sourceTree = "<group>";
		};
		9B28D22C161C849600F23040 /* Supporting Files */ = {
			isa = PBXGroup;
			children = (
				9B28D22D161C849600F23040 /* proj-pti-ballon-Info.plist */,
				9B28D22E161C849600F23040 /* InfoPlist.strings */,
				9B28D231161C849700F23040 /* main.m */,
				9B28D233161C849700F23040 /* proj-pti-ballon-Prefix.pch */,
			);
			name = "Supporting Files";
			sourceTree = "<group>";
		};
		9B7E478B16391EC400878A80 /* downoad */ = {
			isa = PBXGroup;
			children = (
				9B7E478316391EC000878A80 /* DownloadDelegate.h */,
				9B7E478416391EC000878A80 /* DownloadManager.h */,
				9B7E478516391EC000878A80 /* DownloadManager.m */,
				9B7E478616391EC000878A80 /* DownloadOperation.h */,
				9B7E478716391EC000878A80 /* DownloadOperation.m */,
			);
			name = downoad;
			sourceTree = "<group>";
		};
		9B7E4D3D1639201B00878A80 /* iCarousel */ = {
			isa = PBXGroup;
			children = (
				9B7E4D3E1639201B00878A80 /* iCarousel.h */,
				9B7E4D3F1639201B00878A80 /* iCarousel.m */,
			);
			name = iCarousel;
			path = MSToolTips/vendor/iCarousel/iCarousel;
			sourceTree = SOURCE_ROOT;
		};
		9B7E4D411639202A00878A80 /* LBYouTubePlayerController */ = {
			isa = PBXGroup;
			children = (
				9B7E4D421639202A00878A80 /* LBYouTubePlayerController.h */,
				9B7E4D431639202A00878A80 /* LBYouTubePlayerController.m */,
				9B7E4D441639202A00878A80 /* LBYouTubePlayerViewController.h */,
				9B7E4D451639202A00878A80 /* LBYouTubePlayerViewController.m */,
			);
			name = LBYouTubePlayerController;
			path = MSToolTips/vendor/LBYoutubeView/LBYouTubePlayerController;
			sourceTree = SOURCE_ROOT;
		};
		9B7E4D481639203100878A80 /* JSONKit */ = {
			isa = PBXGroup;
			children = (
				9B7E4D491639203100878A80 /* CHANGELOG.md */,
				9B7E4D4A1639203100878A80 /* JSONKit.h */,
				9B7E4D4B1639203100878A80 /* JSONKit.m */,
				9B7E4D4C1639203100878A80 /* README.md */,
			);
			name = JSONKit;
			path = MSToolTips/vendor/LBYoutubeView/Submodules/JSONKit;
			sourceTree = SOURCE_ROOT;
		};
		9B7E4D591639212B00878A80 /* Third Party */ = {
			isa = PBXGroup;
			children = (
				9B7E4D481639203100878A80 /* JSONKit */,
				9B7E4D411639202A00878A80 /* LBYouTubePlayerController */,
				9B7E4D3D1639201B00878A80 /* iCarousel */,
			);
			name = "Third Party";
			sourceTree = "<group>";
		};
/* End PBXGroup section */

/* Begin PBXNativeTarget section */
		9B28D220161C849600F23040 /* proj-pti-ballon */ = {
			isa = PBXNativeTarget;
			buildConfigurationList = 9B28D239161C849700F23040 /* Build configuration list for PBXNativeTarget "proj-pti-ballon" */;
			buildPhases = (
				9B28D21D161C849600F23040 /* Sources */,
				9B28D21E161C849600F23040 /* Frameworks */,
				9B28D21F161C849600F23040 /* Resources */,
			);
			buildRules = (
			);
			dependencies = (
			);
			name = "proj-pti-ballon";
			productName = "proj-pti-ballon";
			productReference = 9B28D221161C849600F23040 /* proj-pti-ballon.app */;
			productType = "com.apple.product-type.application";
		};
/* End PBXNativeTarget section */

/* Begin PBXProject section */
		9B28D218161C849600F23040 /* Project object */ = {
			isa = PBXProject;
			attributes = {
				LastUpgradeCheck = 0440;
				ORGANIZATIONNAME = "Élèves";
			};
			buildConfigurationList = 9B28D21B161C849600F23040 /* Build configuration list for PBXProject "proj-pti-ballon" */;
			compatibilityVersion = "Xcode 3.2";
			developmentRegion = English;
			hasScannedForEncodings = 0;
			knownRegions = (
				en,
			);
			mainGroup = 9B28D216161C849600F23040;
			productRefGroup = 9B28D222161C849600F23040 /* Products */;
			projectDirPath = "";
			projectRoot = "";
			targets = (
				9B28D220161C849600F23040 /* proj-pti-ballon */,
			);
		};
/* End PBXProject section */

/* Begin PBXResourcesBuildPhase section */
		9B28D21F161C849600F23040 /* Resources */ = {
			isa = PBXResourcesBuildPhase;
			buildActionMask = 2147483647;
			files = (
				9B28D230161C849600F23040 /* InfoPlist.strings in Resources */,
				9B2969D2162441CB003156C4 /* ThirdViewController.xib in Resources */,
				9B2969D8162441F1003156C4 /* SecondViewController.xib in Resources */,
				9B2969DD16244213003156C4 /* ModalViewController.xib in Resources */,
				9B2969E71624479B003156C4 /* FirstViewController.xib in Resources */,
				9B2969F616244ECE003156C4 /* 18-envelope.png in Resources */,
				9B7E4D4D1639203100878A80 /* CHANGELOG.md in Resources */,
				9B7E4D4F1639203100878A80 /* README.md in Resources */,
			);
			runOnlyForDeploymentPostprocessing = 0;
		};
/* End PBXResourcesBuildPhase section */

/* Begin PBXSourcesBuildPhase section */
		9B28D21D161C849600F23040 /* Sources */ = {
			isa = PBXSourcesBuildPhase;
			buildActionMask = 2147483647;
			files = (
				9B28D232161C849700F23040 /* main.m in Sources */,
				9B28D236161C849700F23040 /* AppDelegate.m in Sources */,
				9B2969D1162441CB003156C4 /* ThirdViewController.m in Sources */,
				9B2969D7162441F1003156C4 /* SecondViewController.m in Sources */,
				9B2969DC16244213003156C4 /* ModalViewController.m in Sources */,
				9B2969E61624479B003156C4 /* FirstViewController.m in Sources */,
				9B7E478816391EC000878A80 /* DownloadManager.m in Sources */,
				9B7E478916391EC000878A80 /* DownloadOperation.m in Sources */,
				9B7E4D401639201B00878A80 /* iCarousel.m in Sources */,
				9B7E4D461639202A00878A80 /* LBYouTubePlayerController.m in Sources */,
				9B7E4D471639202A00878A80 /* LBYouTubePlayerViewController.m in Sources */,
				9B7E4D4E1639203100878A80 /* JSONKit.m in Sources */,
			);
			runOnlyForDeploymentPostprocessing = 0;
		};
/* End PBXSourcesBuildPhase section */

/* Begin PBXVariantGroup section */
		9B28D22E161C849600F23040 /* InfoPlist.strings */ = {
			isa = PBXVariantGroup;
			children = (
				9B28D22F161C849600F23040 /* en */,
			);
			name = InfoPlist.strings;
			sourceTree = "<group>";
		};
/* End PBXVariantGroup section */

/* Begin XCBuildConfiguration section */
		9B28D237161C849700F23040 /* Debug */ = {
			isa = XCBuildConfiguration;
			buildSettings = {
				ALWAYS_SEARCH_USER_PATHS = NO;
				ARCHS = "$(ARCHS_STANDARD_32_BIT)";
				CLANG_CXX_LANGUAGE_STANDARD = "gnu++0x";
				CLANG_ENABLE_OBJC_ARC = YES;
				CLANG_WARN__DUPLICATE_METHOD_MATCH = YES;
				"CODE_SIGN_IDENTITY[sdk=iphoneos*]" = "iPhone Developer";
				COPY_PHASE_STRIP = NO;
				GCC_C_LANGUAGE_STANDARD = gnu99;
				GCC_DYNAMIC_NO_PIC = NO;
				GCC_OPTIMIZATION_LEVEL = 0;
				GCC_PREPROCESSOR_DEFINITIONS = (
					"DEBUG=1",
					"$(inherited)",
				);
				GCC_SYMBOLS_PRIVATE_EXTERN = NO;
				GCC_VERSION = com.apple.compilers.llvm.clang.1_0;
				GCC_WARN_ABOUT_RETURN_TYPE = YES;
				GCC_WARN_UNINITIALIZED_AUTOS = YES;
				GCC_WARN_UNUSED_VARIABLE = YES;
				IPHONEOS_DEPLOYMENT_TARGET = 5.1;
				SDKROOT = iphoneos;
			};
			name = Debug;
		};
		9B28D238161C849700F23040 /* Release */ = {
			isa = XCBuildConfiguration;
			buildSettings = {
				ALWAYS_SEARCH_USER_PATHS = NO;
				ARCHS = "$(ARCHS_STANDARD_32_BIT)";
				CLANG_CXX_LANGUAGE_STANDARD = "gnu++0x";
				CLANG_ENABLE_OBJC_ARC = YES;
				CLANG_WARN__DUPLICATE_METHOD_MATCH = YES;
				"CODE_SIGN_IDENTITY[sdk=iphoneos*]" = "iPhone Developer";
				COPY_PHASE_STRIP = YES;
				GCC_C_LANGUAGE_STANDARD = gnu99;
				GCC_VERSION = com.apple.compilers.llvm.clang.1_0;
				GCC_WARN_ABOUT_RETURN_TYPE = YES;
				GCC_WARN_UNINITIALIZED_AUTOS = YES;
				GCC_WARN_UNUSED_VARIABLE = YES;
				IPHONEOS_DEPLOYMENT_TARGET = 5.1;
				OTHER_CFLAGS = "-DNS_BLOCK_ASSERTIONS=1";
				SDKROOT = iphoneos;
				VALIDATE_PRODUCT = YES;
			};
			name = Release;
		};
		9B28D23A161C849700F23040 /* Debug */ = {
			isa = XCBuildConfiguration;
			buildSettings = {
				GCC_PRECOMPILE_PREFIX_HEADER = YES;
				GCC_PREFIX_HEADER = "proj-pti-ballon/proj-pti-ballon-Prefix.pch";
				INFOPLIST_FILE = "proj-pti-ballon/proj-pti-ballon-Info.plist";
				PRODUCT_NAME = "$(TARGET_NAME)";
				WRAPPER_EXTENSION = app;
			};
			name = Debug;
		};
		9B28D23B161C849700F23040 /* Release */ = {
			isa = XCBuildConfiguration;
			buildSettings = {
				GCC_PRECOMPILE_PREFIX_HEADER = YES;
				GCC_PREFIX_HEADER = "proj-pti-ballon/proj-pti-ballon-Prefix.pch";
				INFOPLIST_FILE = "proj-pti-ballon/proj-pti-ballon-Info.plist";
				PRODUCT_NAME = "$(TARGET_NAME)";
				WRAPPER_EXTENSION = app;
			};
			name = Release;
		};
/* End XCBuildConfiguration section */

/* Begin XCConfigurationList section */
		9B28D21B161C849600F23040 /* Build configuration list for PBXProject "proj-pti-ballon" */ = {
			isa = XCConfigurationList;
			buildConfigurations = (
				9B28D237161C849700F23040 /* Debug */,
				9B28D238161C849700F23040 /* Release */,
			);
			defaultConfigurationIsVisible = 0;
			defaultConfigurationName = Release;
		};
		9B28D239161C849700F23040 /* Build configuration list for PBXNativeTarget "proj-pti-ballon" */ = {
			isa = XCConfigurationList;
			buildConfigurations = (
				9B28D23A161C849700F23040 /* Debug */,
				9B28D23B161C849700F23040 /* Release */,
			);
			defaultConfigurationIsVisible = 0;
			defaultConfigurationName = Release;
		};
/* End XCConfigurationList section */
	};
	rootObject = 9B28D218161C849600F23040 /* Project object */;
}
